{
  "version": 4,
  "terraform_version": "1.0.2",
  "serial": 21,
  "lineage": "00f8721d-5a10-26d3-966c-a1152aee4740",
  "outputs": {
    "droplets": {
      "value": [
        {
          "host": "164.90.204.141",
          "name": "project3-0"
        },
        {
          "host": "164.90.204.137",
          "name": "project3-1"
        }
      ],
      "type": [
        "tuple",
        [
          [
            "object",
            {
              "host": "string",
              "name": "string"
            }
          ],
          [
            "object",
            {
              "host": "string",
              "name": "string"
            }
          ]
        ]
      ]
    }
  },
  "resources": [
    {
      "mode": "data",
      "type": "digitalocean_ssh_key",
      "name": "irinwork42",
      "provider": "provider[\"registry.terraform.io/digitalocean/digitalocean\"]",
      "instances": [
        {
          "schema_version": 0,
          "attributes": {
            "fingerprint": "64:c1:c0:42:68:b7:8a:a1:6e:58:cc:85:b5:69:7b:83",
            "id": 30360876,
            "name": "irinwork42",
            "public_key": "ssh-rsa AAAAB3NzaC1yc2EAAAADAQABAAACAQDyYrZhFbsqo1a1iXwV+4fFCnLTkUF6vs4+1yGRnBxofYMLADTP+TUmEyTRneFhoZnn4XTNGdixtXs1Je/0zqEXRsX7/3kme76wpoaVR5Um8SCiiDwzITokq2WYOwFl+AJrdsF40ki73UNcFXY3pSEU63O6nkQDCPhwoDoms7svIy0MTgMMZEaHzQiBBVX6YKgfeW4wxk/IAwVnHvnCs2uCLrIYkKnhMC0dBYAiOGxQH5NeQJZDTRXMmSuaqvnaAidnqXRn9C+gUxfELapfpxc23DWL/rK9tw2MD72ghfhWUlnxqJXwzoBBXtnNXsyg69ARdqqVQ4N0r7ElmYv/a2qmjCGiYfLMHlart4ttooitfTmTtgoNCIXjaAziyKaSEUEFRsN8azKL2XXqEzQfShoelYXkJVLj0+qczG0X+rDNctyroXGdnZufY+o04uC47Va53pdwiMoIMdWeV5/YEdZ2Ya41TyE2Y6h3bcIq5TK66bX71qbqexIbpUhp24nBX2tWQKe8c08snqjYBeCMUf1VNwDHV1mMnCIdNhMO0eA/nWcSfBG0J1edIiun3TX4MN4oUDWf7QiMRr8vlE+Q8PBCJRNuAT4s0WKUU9iMyeDDY/aQ4c86pHD+gUiqPnqbEKcmOP+qHDzZ0qj5Fq0JbIRd4hJRdRPE8nptIdmvM3k7IQ== irin.work42@gmail.com"
          },
          "sensitive_attributes": []
        }
      ]
    },
    {
      "mode": "managed",
      "type": "datadog_monitor",
      "name": "networkmonitor",
      "provider": "provider[\"registry.terraform.io/datadog/datadog\"]",
      "instances": [
        {
          "schema_version": 0,
          "attributes": {
            "enable_logs_sample": null,
            "escalation_message": "",
            "evaluation_delay": 0,
            "force_delete": null,
            "groupby_simple_monitor": null,
            "id": "1506211",
            "include_tags": true,
            "locked": false,
            "message": "@irin.work42@gmail.com",
            "monitor_threshold_windows": [],
            "monitor_thresholds": [],
            "name": "project3 monitor",
            "new_host_delay": 300,
            "no_data_timeframe": 0,
            "notify_audit": false,
            "notify_no_data": false,
            "priority": 0,
            "query": "\"http.can_connect\".over(\"instance:application_health_check_status\",\"url:https://project3.irkin.club\").by(\"host\",\"instance\",\"url\").last(2).count_by_status()",
            "renotify_interval": 0,
            "require_full_window": true,
            "restricted_roles": [],
            "tags": [],
            "timeout_h": 0,
            "type": "service check",
            "validate": null
          },
          "sensitive_attributes": [],
          "private": "bnVsbA=="
        }
      ]
    },
    {
      "mode": "managed",
      "type": "digitalocean_certificate",
      "name": "cert",
      "provider": "provider[\"registry.terraform.io/digitalocean/digitalocean\"]",
      "instances": [
        {
          "schema_version": 1,
          "attributes": {
            "certificate_chain": null,
            "domains": [
              "project3.irkin.club"
            ],
            "id": "project3.cert",
            "leaf_certificate": null,
            "name": "project3.cert",
            "not_after": "2021-10-13T19:46:58Z",
            "private_key": null,
            "sha1_fingerprint": "d33007e8d43304c512f5f3cc7a19ed99d90d9262",
            "state": "verified",
            "type": "lets_encrypt",
            "uuid": "755ed00f-2356-42d2-8325-ef8be30fcdd0"
          },
          "sensitive_attributes": [],
          "private": "eyJzY2hlbWFfdmVyc2lvbiI6IjEifQ=="
        }
      ]
    },
    {
      "mode": "managed",
      "type": "digitalocean_domain",
      "name": "default",
      "provider": "provider[\"registry.terraform.io/digitalocean/digitalocean\"]",
      "instances": [
        {
          "schema_version": 0,
          "attributes": {
            "id": "project3.irkin.club",
            "ip_address": "188.166.202.87",
            "name": "project3.irkin.club",
            "urn": "do:domain:project3.irkin.club"
          },
          "sensitive_attributes": [],
          "private": "bnVsbA==",
          "dependencies": [
            "data.digitalocean_ssh_key.irinwork42",
            "digitalocean_certificate.cert",
            "digitalocean_droplet.web",
            "digitalocean_loadbalancer.lb"
          ]
        }
      ]
    },
    {
      "mode": "managed",
      "type": "digitalocean_droplet",
      "name": "web",
      "provider": "provider[\"registry.terraform.io/digitalocean/digitalocean\"]",
      "instances": [
        {
          "index_key": 0,
          "schema_version": 1,
          "attributes": {
            "backups": false,
            "created_at": "2021-07-15T18:08:54Z",
            "disk": 25,
            "id": "255009380",
            "image": "docker-20-04",
            "ipv4_address": "164.90.204.141",
            "ipv4_address_private": "10.110.0.3",
            "ipv6": false,
            "ipv6_address": "",
            "locked": false,
            "memory": 1024,
            "monitoring": false,
            "name": "project3-0",
            "price_hourly": 0.00744,
            "price_monthly": 5,
            "private_networking": true,
            "region": "ams3",
            "resize_disk": true,
            "size": "s-1vcpu-1gb",
            "ssh_keys": [
              "30360876"
            ],
            "status": "active",
            "tags": [],
            "urn": "do:droplet:255009380",
            "user_data": null,
            "vcpus": 1,
            "volume_ids": [],
            "vpc_uuid": "e2e1fc04-ee43-41ee-9f44-8e92b7aa3fd8"
          },
          "sensitive_attributes": [],
          "private": "eyJzY2hlbWFfdmVyc2lvbiI6IjEifQ==",
          "dependencies": [
            "data.digitalocean_ssh_key.irinwork42"
          ]
        },
        {
          "index_key": 1,
          "schema_version": 1,
          "attributes": {
            "backups": false,
            "created_at": "2021-07-15T18:08:54Z",
            "disk": 25,
            "id": "255009381",
            "image": "docker-20-04",
            "ipv4_address": "164.90.204.137",
            "ipv4_address_private": "10.110.0.2",
            "ipv6": false,
            "ipv6_address": "",
            "locked": false,
            "memory": 1024,
            "monitoring": false,
            "name": "project3-1",
            "price_hourly": 0.00744,
            "price_monthly": 5,
            "private_networking": true,
            "region": "ams3",
            "resize_disk": true,
            "size": "s-1vcpu-1gb",
            "ssh_keys": [
              "30360876"
            ],
            "status": "active",
            "tags": [],
            "urn": "do:droplet:255009381",
            "user_data": null,
            "vcpus": 1,
            "volume_ids": [],
            "vpc_uuid": "e2e1fc04-ee43-41ee-9f44-8e92b7aa3fd8"
          },
          "sensitive_attributes": [],
          "private": "eyJzY2hlbWFfdmVyc2lvbiI6IjEifQ==",
          "dependencies": [
            "data.digitalocean_ssh_key.irinwork42"
          ]
        }
      ]
    },
    {
      "mode": "managed",
      "type": "digitalocean_loadbalancer",
      "name": "lb",
      "provider": "provider[\"registry.terraform.io/digitalocean/digitalocean\"]",
      "instances": [
        {
          "schema_version": 1,
          "attributes": {
            "algorithm": "round_robin",
            "droplet_ids": [
              255009380,
              255009381
            ],
            "droplet_tag": "",
            "enable_backend_keepalive": false,
            "enable_proxy_protocol": false,
            "forwarding_rule": [
              {
                "certificate_id": "",
                "certificate_name": "",
                "entry_port": 80,
                "entry_protocol": "http",
                "target_port": 5000,
                "target_protocol": "http",
                "tls_passthrough": false
              },
              {
                "certificate_id": "project3.cert",
                "certificate_name": "project3.cert",
                "entry_port": 443,
                "entry_protocol": "https",
                "target_port": 5000,
                "target_protocol": "http",
                "tls_passthrough": false
              }
            ],
            "healthcheck": [
              {
                "check_interval_seconds": 10,
                "healthy_threshold": 5,
                "path": "",
                "port": 22,
                "protocol": "tcp",
                "response_timeout_seconds": 5,
                "unhealthy_threshold": 3
              }
            ],
            "id": "d257a198-9944-4ed6-b67f-a277297a1ce9",
            "ip": "188.166.202.87",
            "name": "project3-lb",
            "redirect_http_to_https": true,
            "region": "ams3",
            "size": "lb-small",
            "status": "active",
            "sticky_sessions": [
              {
                "cookie_name": "",
                "cookie_ttl_seconds": 0,
                "type": "none"
              }
            ],
            "urn": "do:loadbalancer:d257a198-9944-4ed6-b67f-a277297a1ce9",
            "vpc_uuid": "e2e1fc04-ee43-41ee-9f44-8e92b7aa3fd8"
          },
          "sensitive_attributes": [],
          "private": "eyJzY2hlbWFfdmVyc2lvbiI6IjEifQ==",
          "dependencies": [
            "digitalocean_certificate.cert",
            "digitalocean_droplet.web"
          ]
        }
      ]
    }
  ]
}
